
Microsoft Visual Studio Solution File, Format Version 12.00
# Visual Studio Version 17
VisualStudioVersion = 17.9.34728.123
MinimumVisualStudioVersion = 10.0.40219.1
Project("{FAE04EC0-301F-11D3-BF4B-00C04F79EFBC}") = "CyberMinds.Web", "CyberMinds.Web\CyberMinds.Web.csproj", "{11210CC7-A91D-479E-9A8F-F2D0216320D5}"
EndProject
Project("{FAE04EC0-301F-11D3-BF4B-00C04F79EFBC}") = "CyberMinds.API", "CyberMinds.API\CyberMinds.API.csproj", "{E9780097-DB22-4C3A-B9B0-8607B369B15F}"
EndProject
Global
	GlobalSection(SolutionConfigurationPlatforms) = preSolution
		Debug|Any CPU = Debug|Any CPU
		Release|Any CPU = Release|Any CPU
	EndGlobalSection
	GlobalSection(ProjectConfigurationPlatforms) = postSolution
		{11210CC7-A91D-479E-9A8F-F2D0216320D5}.Debug|Any CPU.ActiveCfg = Debug|Any CPU
		{11210CC7-A91D-479E-9A8F-F2D0216320D5}.Debug|Any CPU.Build.0 = Debug|Any CPU
		{11210CC7-A91D-479E-9A8F-F2D0216320D5}.Release|Any CPU.ActiveCfg = Release|Any CPU
		{11210CC7-A91D-479E-9A8F-F2D0216320D5}.Release|Any CPU.Build.0 = Release|Any CPU
		{E9780097-DB22-4C3A-B9B0-8607B369B15F}.Debug|Any CPU.ActiveCfg = Debug|Any CPU
		{E9780097-DB22-4C3A-B9B0-8607B369B15F}.Debug|Any CPU.Build.0 = Debug|Any CPU
		{E9780097-DB22-4C3A-B9B0-8607B369B15F}.Release|Any CPU.ActiveCfg = Release|Any CPU
		{E9780097-DB22-4C3A-B9B0-8607B369B15F}.Release|Any CPU.Build.0 = Release|Any CPU
	EndGlobalSection
	GlobalSection(SolutionProperties) = preSolution
		HideSolutionNode = FALSE
	EndGlobalSection
	GlobalSection(ExtensibilityGlobals) = postSolution
		SolutionGuid = {5D815F81-8630-49C2-802B-FE0A357BB59F}
	EndGlobalSection
EndGlobal
